
Microsoft Visual Studio Solution File, Format Version 12.00
# Visual Studio Version 16
VisualStudioVersion = 16.0.29905.134
MinimumVisualStudioVersion = 10.0.40219.1
Project("{FAE04EC0-301F-11D3-BF4B-00C04F79EFBC}") = "HtmlToPdfNeedLandscapeFromCss", "HtmlToPdfNeedLandscapeFromCss.csproj", "{5BE537F2-F769-453C-AA53-998F93DB02EE}"
EndProject
Global
	GlobalSection(SolutionConfigurationPlatforms) = preSolution
		Debug|Any CPU = Debug|Any CPU
		Release|Any CPU = Release|Any CPU
	EndGlobalSection
	GlobalSection(ProjectConfigurationPlatforms) = postSolution
		{5BE537F2-F769-453C-AA53-998F93DB02EE}.Debug|Any CPU.ActiveCfg = Debug|Any CPU
		{5BE537F2-F769-453C-AA53-998F93DB02EE}.Debug|Any CPU.Build.0 = Debug|Any CPU
		{5BE537F2-F769-453C-AA53-998F93DB02EE}.Release|Any CPU.ActiveCfg = Release|Any CPU
		{5BE537F2-F769-453C-AA53-998F93DB02EE}.Release|Any CPU.Build.0 = Release|Any CPU
	EndGlobalSection
	GlobalSection(SolutionProperties) = preSolution
		HideSolutionNode = FALSE
	EndGlobalSection
	GlobalSection(ExtensibilityGlobals) = postSolution
		SolutionGuid = {C3DD8C22-953D-459E-90BE-A61C8159DB09}
	EndGlobalSection
EndGlobal
